
Microsoft Visual Studio Solution File, Format Version 12.00
# Visual Studio 14
VisualStudioVersion = 14.0.23107.0
MinimumVisualStudioVersion = 10.0.40219.1
Project("{FAE04EC0-301F-11D3-BF4B-00C04F79EFBC}") = "JSBridge", "JsBridge\JSBridge.csproj", "{C6E2735A-015C-48EC-B34B-8177934AF92D}"
EndProject
Project("{FAE04EC0-301F-11D3-BF4B-00C04F79EFBC}") = "Entities", "Entities\Entities.csproj", "{95052172-FCDE-4773-A71C-DA8F7329CD60}"
EndProject
Project("{FAE04EC0-301F-11D3-BF4B-00C04F79EFBC}") = "ChakraTools", "ChakraTools\ChakraTools.csproj", "{57B3B22B-0405-411D-B620-BBE31C24F698}"
EndProject
Global
	GlobalSection(SolutionConfigurationPlatforms) = preSolution
		Debug|Any CPU = Debug|Any CPU
		Debug|ARM = Debug|ARM
		Debug|x64 = Debug|x64
		Debug|x86 = Debug|x86
		Release|Any CPU = Release|Any CPU
		Release|ARM = Release|ARM
		Release|x64 = Release|x64
		Release|x86 = Release|x86
	EndGlobalSection
	GlobalSection(ProjectConfigurationPlatforms) = postSolution
		{C6E2735A-015C-48EC-B34B-8177934AF92D}.Debug|Any CPU.ActiveCfg = Debug|x86
		{C6E2735A-015C-48EC-B34B-8177934AF92D}.Debug|Any CPU.Build.0 = Debug|x86
		{C6E2735A-015C-48EC-B34B-8177934AF92D}.Debug|Any CPU.Deploy.0 = Debug|x86
		{C6E2735A-015C-48EC-B34B-8177934AF92D}.Debug|ARM.ActiveCfg = Debug|ARM
		{C6E2735A-015C-48EC-B34B-8177934AF92D}.Debug|ARM.Build.0 = Debug|ARM
		{C6E2735A-015C-48EC-B34B-8177934AF92D}.Debug|ARM.Deploy.0 = Debug|ARM
		{C6E2735A-015C-48EC-B34B-8177934AF92D}.Debug|x64.ActiveCfg = Debug|x64
		{C6E2735A-015C-48EC-B34B-8177934AF92D}.Debug|x64.Build.0 = Debug|x64
		{C6E2735A-015C-48EC-B34B-8177934AF92D}.Debug|x64.Deploy.0 = Debug|x64
		{C6E2735A-015C-48EC-B34B-8177934AF92D}.Debug|x86.ActiveCfg = Debug|x86
		{C6E2735A-015C-48EC-B34B-8177934AF92D}.Debug|x86.Build.0 = Debug|x86
		{C6E2735A-015C-48EC-B34B-8177934AF92D}.Debug|x86.Deploy.0 = Debug|x86
		{C6E2735A-015C-48EC-B34B-8177934AF92D}.Release|Any CPU.ActiveCfg = Release|x86
		{C6E2735A-015C-48EC-B34B-8177934AF92D}.Release|ARM.ActiveCfg = Release|ARM
		{C6E2735A-015C-48EC-B34B-8177934AF92D}.Release|ARM.Build.0 = Release|ARM
		{C6E2735A-015C-48EC-B34B-8177934AF92D}.Release|ARM.Deploy.0 = Release|ARM
		{C6E2735A-015C-48EC-B34B-8177934AF92D}.Release|x64.ActiveCfg = Release|x64
		{C6E2735A-015C-48EC-B34B-8177934AF92D}.Release|x64.Build.0 = Release|x64
		{C6E2735A-015C-48EC-B34B-8177934AF92D}.Release|x64.Deploy.0 = Release|x64
		{C6E2735A-015C-48EC-B34B-8177934AF92D}.Release|x86.ActiveCfg = Release|x86
		{C6E2735A-015C-48EC-B34B-8177934AF92D}.Release|x86.Build.0 = Release|x86
		{C6E2735A-015C-48EC-B34B-8177934AF92D}.Release|x86.Deploy.0 = Release|x86
		{95052172-FCDE-4773-A71C-DA8F7329CD60}.Debug|Any CPU.ActiveCfg = Debug|Any CPU
		{95052172-FCDE-4773-A71C-DA8F7329CD60}.Debug|Any CPU.Build.0 = Debug|Any CPU
		{95052172-FCDE-4773-A71C-DA8F7329CD60}.Debug|ARM.ActiveCfg = Debug|ARM
		{95052172-FCDE-4773-A71C-DA8F7329CD60}.Debug|ARM.Build.0 = Debug|ARM
		{95052172-FCDE-4773-A71C-DA8F7329CD60}.Debug|x64.ActiveCfg = Debug|x64
		{95052172-FCDE-4773-A71C-DA8F7329CD60}.Debug|x64.Build.0 = Debug|x64
		{95052172-FCDE-4773-A71C-DA8F7329CD60}.Debug|x86.ActiveCfg = Debug|x86
		{95052172-FCDE-4773-A71C-DA8F7329CD60}.Debug|x86.Build.0 = Debug|x86
		{95052172-FCDE-4773-A71C-DA8F7329CD60}.Release|Any CPU.ActiveCfg = Release|Any CPU
		{95052172-FCDE-4773-A71C-DA8F7329CD60}.Release|Any CPU.Build.0 = Release|Any CPU
		{95052172-FCDE-4773-A71C-DA8F7329CD60}.Release|ARM.ActiveCfg = Release|ARM
		{95052172-FCDE-4773-A71C-DA8F7329CD60}.Release|ARM.Build.0 = Release|ARM
		{95052172-FCDE-4773-A71C-DA8F7329CD60}.Release|x64.ActiveCfg = Release|x64
		{95052172-FCDE-4773-A71C-DA8F7329CD60}.Release|x64.Build.0 = Release|x64
		{95052172-FCDE-4773-A71C-DA8F7329CD60}.Release|x86.ActiveCfg = Release|x86
		{95052172-FCDE-4773-A71C-DA8F7329CD60}.Release|x86.Build.0 = Release|x86
		{57B3B22B-0405-411D-B620-BBE31C24F698}.Debug|Any CPU.ActiveCfg = Debug|Any CPU
		{57B3B22B-0405-411D-B620-BBE31C24F698}.Debug|Any CPU.Build.0 = Debug|Any CPU
		{57B3B22B-0405-411D-B620-BBE31C24F698}.Debug|ARM.ActiveCfg = Debug|ARM
		{57B3B22B-0405-411D-B620-BBE31C24F698}.Debug|ARM.Build.0 = Debug|ARM
		{57B3B22B-0405-411D-B620-BBE31C24F698}.Debug|x64.ActiveCfg = Debug|x64
		{57B3B22B-0405-411D-B620-BBE31C24F698}.Debug|x64.Build.0 = Debug|x64
		{57B3B22B-0405-411D-B620-BBE31C24F698}.Debug|x86.ActiveCfg = Debug|x86
		{57B3B22B-0405-411D-B620-BBE31C24F698}.Debug|x86.Build.0 = Debug|x86
		{57B3B22B-0405-411D-B620-BBE31C24F698}.Release|Any CPU.ActiveCfg = Release|Any CPU
		{57B3B22B-0405-411D-B620-BBE31C24F698}.Release|Any CPU.Build.0 = Release|Any CPU
		{57B3B22B-0405-411D-B620-BBE31C24F698}.Release|ARM.ActiveCfg = Release|ARM
		{57B3B22B-0405-411D-B620-BBE31C24F698}.Release|ARM.Build.0 = Release|ARM
		{57B3B22B-0405-411D-B620-BBE31C24F698}.Release|x64.ActiveCfg = Release|x64
		{57B3B22B-0405-411D-B620-BBE31C24F698}.Release|x64.Build.0 = Release|x64
		{57B3B22B-0405-411D-B620-BBE31C24F698}.Release|x86.ActiveCfg = Release|x86
		{57B3B22B-0405-411D-B620-BBE31C24F698}.Release|x86.Build.0 = Release|x86
	EndGlobalSection
	GlobalSection(SolutionProperties) = preSolution
		HideSolutionNode = FALSE
	EndGlobalSection
EndGlobal
